
Microsoft Visual Studio Solution File, Format Version 12.00
# Visual Studio Version 16
VisualStudioVersion = 16.0.29905.134
MinimumVisualStudioVersion = 10.0.40219.1
Project("{FAE04EC0-301F-11D3-BF4B-00C04F79EFBC}") = "Laboratorio 2", "Laboratorio 2\Laboratorio 2.csproj", "{106812C1-9EC5-4E74-8805-8B5936F5A267}"
EndProject
Global
	GlobalSection(SolutionConfigurationPlatforms) = preSolution
		Debug|Any CPU = Debug|Any CPU
		Release|Any CPU = Release|Any CPU
	EndGlobalSection
	GlobalSection(ProjectConfigurationPlatforms) = postSolution
		{106812C1-9EC5-4E74-8805-8B5936F5A267}.Debug|Any CPU.ActiveCfg = Debug|Any CPU
		{106812C1-9EC5-4E74-8805-8B5936F5A267}.Debug|Any CPU.Build.0 = Debug|Any CPU
		{106812C1-9EC5-4E74-8805-8B5936F5A267}.Release|Any CPU.ActiveCfg = Release|Any CPU
		{106812C1-9EC5-4E74-8805-8B5936F5A267}.Release|Any CPU.Build.0 = Release|Any CPU
	EndGlobalSection
	GlobalSection(SolutionProperties) = preSolution
		HideSolutionNode = FALSE
	EndGlobalSection
	GlobalSection(ExtensibilityGlobals) = postSolution
		SolutionGuid = {6EE4F454-AC9E-4D9E-9C03-09FFA7190269}
	EndGlobalSection
EndGlobal
